
Microsoft Visual Studio Solution File, Format Version 12.00
# Visual Studio Version 17
VisualStudioVersion = 17.8.34309.116
MinimumVisualStudioVersion = 10.0.40219.1
Project("{FAE04EC0-301F-11D3-BF4B-00C04F79EFBC}") = "WindowsFormApp481For20231120", "WindowsFormApp481For20231120\WindowsFormApp481For20231120.csproj", "{6106232D-574B-4B4D-ABB5-EFED3FCFEB27}"
EndProject
Global
	GlobalSection(SolutionConfigurationPlatforms) = preSolution
		Debug|Any CPU = Debug|Any CPU
		Release|Any CPU = Release|Any CPU
	EndGlobalSection
	GlobalSection(ProjectConfigurationPlatforms) = postSolution
		{6106232D-574B-4B4D-ABB5-EFED3FCFEB27}.Debug|Any CPU.ActiveCfg = Debug|Any CPU
		{6106232D-574B-4B4D-ABB5-EFED3FCFEB27}.Debug|Any CPU.Build.0 = Debug|Any CPU
		{6106232D-574B-4B4D-ABB5-EFED3FCFEB27}.Release|Any CPU.ActiveCfg = Release|Any CPU
		{6106232D-574B-4B4D-ABB5-EFED3FCFEB27}.Release|Any CPU.Build.0 = Release|Any CPU
	EndGlobalSection
	GlobalSection(SolutionProperties) = preSolution
		HideSolutionNode = FALSE
	EndGlobalSection
	GlobalSection(ExtensibilityGlobals) = postSolution
		SolutionGuid = {20323C38-745C-44AD-9158-990EF7221697}
	EndGlobalSection
EndGlobal
